# THIS IS AN AUTOGENERATED FILE. DO NOT EDIT THIS FILE DIRECTLY.
# yarn lockfile v1


"@babel/runtime@^7.18.6":
  "integrity" "sha512-lkqXDcvlFT5rvEjiu6+QYO+1GXrEHRo2LOtS7E4GtX5ESIZOgepqsZBVIj6Pv+a6zqsya9VCgiK1KAK4BvJDAw=="
  "resolved" "https://registry.npmjs.org/@babel/runtime/-/runtime-7.18.9.tgz"
  "version" "7.18.9"
  dependencies:
    "regenerator-runtime" "^0.13.4"

"@onflow/config@^1.0.3":
  "integrity" "sha512-ryO0ZXXayz8IKdEdI51PAJgs5WYo7J0Kb+ccNaTS7nRuRq752/r6O8EfqEz3/R2+KsV7XdP3FVhR2tPUhxWhag=="
  "resolved" "https://registry.npmjs.org/@onflow/config/-/config-1.0.3.tgz"
  "version" "1.0.3"
  dependencies:
    "@babel/runtime" "^7.18.6"
    "@onflow/util-actor" "^1.1.1"

"@onflow/fcl@^1.2.0":
  "integrity" "sha512-vgPsDuYhRmCVEQWRcfyY3KPxHAk+EGF4MLv08VUpN4vudDUY1J3AXM/NBk/ebeBis7CfgqC5gAarLsHX1omvIg=="
  "resolved" "https://registry.npmjs.org/@onflow/fcl/-/fcl-1.2.0.tgz"
  "version" "1.2.0"
  dependencies:
    "@babel/runtime" "^7.18.6"
    "@onflow/config" "^1.0.3"
    "@onflow/interaction" "0.0.11"
    "@onflow/rlp" "^1.0.2"
    "@onflow/sdk" "^1.1.1"
    "@onflow/types" "^1.0.3"
    "@onflow/util-actor" "^1.1.1"
    "@onflow/util-address" "^1.0.2"
    "@onflow/util-invariant" "^1.0.2"
    "@onflow/util-logger" "^1.1.1"
    "@onflow/util-template" "^1.0.3"
    "@onflow/util-uid" "^1.0.2"

"@onflow/interaction@0.0.11":
  "integrity" "sha512-Xuq1Mmx6Wyba/F/L+QLQs0yJeQDsIDwy5SKk5vrCuVgIj0yD8k506g5L8ODrbM1LWll8i0tQsoOi0F85vNl5sA=="
  "resolved" "https://registry.npmjs.org/@onflow/interaction/-/interaction-0.0.11.tgz"
  "version" "0.0.11"

"@onflow/rlp@^1.0.2":
  "integrity" "sha512-YjIMTQZ7ewYcXsKo6S0dKjUr9uoCFy8NlpH2NX9Xy+L76MQUfJNFJksepDG0HDo8/+9UDdh/cGIbuxW7rUp3QQ=="
  "resolved" "https://registry.npmjs.org/@onflow/rlp/-/rlp-1.0.2.tgz"
  "version" "1.0.2"
  dependencies:
    "@babel/runtime" "^7.18.6"
    "buffer" "^6.0.3"

"@onflow/sdk@^1.1.1":
  "integrity" "sha512-i+ZYja6jBq6HU8Hnpq/AoeMDQOazrxhgds0yU9KqxOKAA9tZ4DUv4J47eHSQbUEv09BbUeZAcIc/ZdqVqrMjJQ=="
  "resolved" "https://registry.npmjs.org/@onflow/sdk/-/sdk-1.1.1.tgz"
  "version" "1.1.1"
  dependencies:
    "@babel/runtime" "^7.18.6"
    "@onflow/config" "^1.0.3"
    "@onflow/rlp" "^1.0.2"
    "@onflow/transport-http" "^1.4.0"
    "@onflow/util-actor" "^1.1.1"
    "@onflow/util-address" "^1.0.2"
    "@onflow/util-invariant" "^1.0.2"
    "@onflow/util-logger" "^1.1.1"
    "@onflow/util-template" "^1.0.3"
    "deepmerge" "^4.2.2"
    "sha3" "^2.1.4"

"@onflow/transport-http@^1.4.0":
  "integrity" "sha512-8rVpGoGovZVxxenYOtyUXUrpPYDJ9N5O9sRJay+gC3mcAyRyc9EHLlbh0QJsoC9Y71sMm5t5jqjR2kBfNal7Hw=="
  "resolved" "https://registry.npmjs.org/@onflow/transport-http/-/transport-http-1.4.0.tgz"
  "version" "1.4.0"
  dependencies:
    "@babel/runtime" "^7.18.6"
    "@onflow/util-address" "^1.0.2"
    "@onflow/util-invariant" "^1.0.2"
    "@onflow/util-logger" "^1.1.1"
    "@onflow/util-template" "^1.0.3"
    "node-fetch" "^2.6.7"

"@onflow/types@^1.0.3":
  "integrity" "sha512-7za7NgzRvapB50icVmrL21rVHgPaMS/0K9IKXj0FVZRMo3CSI6MV2qLoGftRVX8oDfiH0Lj/1NWD/iSUW6Ed5w=="
  "resolved" "https://registry.npmjs.org/@onflow/types/-/types-1.0.3.tgz"
  "version" "1.0.3"
  dependencies:
    "@babel/runtime" "^7.18.6"

"@onflow/util-actor@^1.1.1":
  "integrity" "sha512-y74KwQ2T8BUXiP0f+OCifAD1CrBepzCWL1C0lKdSDly7so8RVttc98Hp3oUkDJxoA0KKyAyEjshxw7DSLxYXFw=="
  "resolved" "https://registry.npmjs.org/@onflow/util-actor/-/util-actor-1.1.1.tgz"
  "version" "1.1.1"
  dependencies:
    "@babel/runtime" "^7.18.6"
    "queue-microtask" "1.1.2"

"@onflow/util-address@^1.0.2":
  "integrity" "sha512-2kjRZK+DxyEoujm4+1gO0lqGFLdaTJC1DuvBF7XqgocmFdayad/OdPFVgaEi06xymmi2kfdn/JFdvBwdZHkJGQ=="
  "resolved" "https://registry.npmjs.org/@onflow/util-address/-/util-address-1.0.2.tgz"
  "version" "1.0.2"
  dependencies:
    "@babel/runtime" "^7.18.6"

"@onflow/util-invariant@^1.0.2":
  "integrity" "sha512-Z5YPAJYUxEoSJ9hGB3jyr0C8gG1VbwX88naF0onBjiMZ89QYbbRG8nup7WWHN2fo/tWo4ElauOpCwU70see0lg=="
  "resolved" "https://registry.npmjs.org/@onflow/util-invariant/-/util-invariant-1.0.2.tgz"
  "version" "1.0.2"
  dependencies:
    "@babel/runtime" "^7.18.6"

"@onflow/util-logger@^1.1.1":
  "integrity" "sha512-bVGzjxcLKl4cpb/kFiHtIrdkKDCpZkj1DFMXjhQzpW0MqTmmp1rKf/Fq9B0Y1dbZKh6IxJeGCd5dhNPLmSfb9g=="
  "resolved" "https://registry.npmjs.org/@onflow/util-logger/-/util-logger-1.1.1.tgz"
  "version" "1.1.1"
  dependencies:
    "@babel/runtime" "^7.18.6"
    "@onflow/config" "^1.0.3"

"@onflow/util-template@^1.0.3":
  "integrity" "sha512-ZBckseo1IwjKO4/F7PvEH4sKRFVAmVAYq0f10Zg79xQ29YF7oU58uXCH4MAjJ8eaZsS5/jeiEif0291bVHH5Rg=="
  "resolved" "https://registry.npmjs.org/@onflow/util-template/-/util-template-1.0.3.tgz"
  "version" "1.0.3"
  dependencies:
    "@babel/runtime" "^7.18.6"

"@onflow/util-uid@^1.0.2":
  "integrity" "sha512-1BSM0l53QOFmEZ876AX+KdnJmXPRhGlS7vO5WiJULE8GUPyoW6WY2eyk0ZpHjxI0BnKpHOruyZeMilw1jZQSdA=="
  "resolved" "https://registry.npmjs.org/@onflow/util-uid/-/util-uid-1.0.2.tgz"
  "version" "1.0.2"
  dependencies:
    "@babel/runtime" "^7.18.6"

"base64-js@^1.3.1":
  "integrity" "sha512-AKpaYlHn8t4SVbOHCy+b5+KKgvR4vrsD8vbvrbiQJps7fKDTkjkDry6ji0rUJjC0kzbNePLwzxq8iypo41qeWA=="
  "resolved" "https://registry.npmjs.org/base64-js/-/base64-js-1.5.1.tgz"
  "version" "1.5.1"

"buffer@^6.0.3", "buffer@6.0.3":
  "integrity" "sha512-FTiCpNxtwiZZHEZbcbTIcZjERVICn9yq/pDFkTl95/AxzD1naBctN7YO68riM/gLSDY7sdrMby8hofADYuuqOA=="
  "resolved" "https://registry.npmjs.org/buffer/-/buffer-6.0.3.tgz"
  "version" "6.0.3"
  dependencies:
    "base64-js" "^1.3.1"
    "ieee754" "^1.2.1"

"deepmerge@^4.2.2":
  "integrity" "sha512-FJ3UgI4gIl+PHZm53knsuSFpE+nESMr7M4v9QcgB7S63Kj/6WqMiFQJpBBYz1Pt+66bZpP3Q7Lye0Oo9MPKEdg=="
  "resolved" "https://registry.npmjs.org/deepmerge/-/deepmerge-4.2.2.tgz"
  "version" "4.2.2"

"ieee754@^1.2.1":
  "integrity" "sha512-dcyqhDvX1C46lXZcVqCpK+FtMRQVdIMN6/Df5js2zouUsqG7I6sFxitIC+7KYK29KdXOLHdu9zL4sFnoVQnqaA=="
  "resolved" "https://registry.npmjs.org/ieee754/-/ieee754-1.2.1.tgz"
  "version" "1.2.1"

"node-fetch@^2.6.7":
  "integrity" "sha512-ZjMPFEfVx5j+y2yF35Kzx5sF7kDzxuDj6ziH4FFbOp87zKDZNx8yExJIb05OGF4Nlt9IHFIMBkRl41VdvcNdbQ=="
  "resolved" "https://registry.npmjs.org/node-fetch/-/node-fetch-2.6.7.tgz"
  "version" "2.6.7"
  dependencies:
    "whatwg-url" "^5.0.0"

"queue-microtask@1.1.2":
  "integrity" "sha512-F9wwNePtXrzZenAB3ax0Y8TSKGvuB7Qw16J30hspEUTbfUM+H827XyN3rlpwhVmtm5wuZtbKIHjOnwDn7MUxWQ=="
  "resolved" "https://registry.npmjs.org/queue-microtask/-/queue-microtask-1.1.2.tgz"
  "version" "1.1.2"

"regenerator-runtime@^0.13.4":
  "integrity" "sha512-p3VT+cOEgxFsRRA9X4lkI1E+k2/CtnKtU4gcxyaCUreilL/vqI6CdZ3wxVUx3UOUg+gnUOQQcRI7BmSI656MYA=="
  "resolved" "https://registry.npmjs.org/regenerator-runtime/-/regenerator-runtime-0.13.9.tgz"
  "version" "0.13.9"

"sha3@^2.1.4":
  "integrity" "sha512-S8cNxbyb0UGUM2VhRD4Poe5N58gJnJsLJ5vC7FYWGUmGhcsj4++WaIOBFVDxlG0W3To6xBuiRh+i0Qp2oNCOtg=="
  "resolved" "https://registry.npmjs.org/sha3/-/sha3-2.1.4.tgz"
  "version" "2.1.4"
  dependencies:
    "buffer" "6.0.3"

"tr46@~0.0.3":
  "integrity" "sha512-N3WMsuqV66lT30CrXNbEjx4GEwlow3v6rr4mCcv6prnfwhS01rkgyFdjPNBYd9br7LpXV1+Emh01fHnq2Gdgrw=="
  "resolved" "https://registry.npmjs.org/tr46/-/tr46-0.0.3.tgz"
  "version" "0.0.3"

"webidl-conversions@^3.0.0":
  "integrity" "sha512-2JAn3z8AR6rjK8Sm8orRC0h/bcl/DqL7tRPdGZ4I1CjdF+EaMLmYxBHyXuKL849eucPFhvBoxMsflfOb8kxaeQ=="
  "resolved" "https://registry.npmjs.org/webidl-conversions/-/webidl-conversions-3.0.1.tgz"
  "version" "3.0.1"

"whatwg-url@^5.0.0":
  "integrity" "sha512-saE57nupxk6v3HY35+jzBwYa0rKSy0XR8JSxZPwgLr7ys0IBzhGviA1/TUGJLmSVqs8pb9AnvICXEuOHLprYTw=="
  "resolved" "https://registry.npmjs.org/whatwg-url/-/whatwg-url-5.0.0.tgz"
  "version" "5.0.0"
  dependencies:
    "tr46" "~0.0.3"
    "webidl-conversions" "^3.0.0"
